
Microsoft Visual Studio Solution File, Format Version 12.00
# Visual Studio Version 16
VisualStudioVersion = 16.0.31005.135
MinimumVisualStudioVersion = 10.0.40219.1
Project("{FAE04EC0-301F-11D3-BF4B-00C04F79EFBC}") = "UserMaintenance", "UserMaintenance\UserMaintenance.csproj", "{8B2D2DF6-ADFF-4534-A006-DC13910969A3}"
EndProject
Project("{FAE04EC0-301F-11D3-BF4B-00C04F79EFBC}") = "week04", "week04\week04.csproj", "{6C71DE89-867A-4D17-BA2B-BE4A7B46E1E0}"
EndProject
Project("{FAE04EC0-301F-11D3-BF4B-00C04F79EFBC}") = "week05", "week05\week05.csproj", "{BE6D1BE2-FC07-4F88-B8D6-489A0B82FF87}"
EndProject
Project("{FAE04EC0-301F-11D3-BF4B-00C04F79EFBC}") = "week06", "week06\week06.csproj", "{6B9BD6D5-232D-4E9F-83D7-CC0D8FD7443D}"
EndProject
Project("{FAE04EC0-301F-11D3-BF4B-00C04F79EFBC}") = "week08", "week08\week08.csproj", "{EF1178A4-D74E-405A-BD85-9B821FAAC879}"
EndProject
Global
	GlobalSection(SolutionConfigurationPlatforms) = preSolution
		Debug|Any CPU = Debug|Any CPU
		Release|Any CPU = Release|Any CPU
	EndGlobalSection
	GlobalSection(ProjectConfigurationPlatforms) = postSolution
		{8B2D2DF6-ADFF-4534-A006-DC13910969A3}.Debug|Any CPU.ActiveCfg = Debug|Any CPU
		{8B2D2DF6-ADFF-4534-A006-DC13910969A3}.Debug|Any CPU.Build.0 = Debug|Any CPU
		{8B2D2DF6-ADFF-4534-A006-DC13910969A3}.Release|Any CPU.ActiveCfg = Release|Any CPU
		{8B2D2DF6-ADFF-4534-A006-DC13910969A3}.Release|Any CPU.Build.0 = Release|Any CPU
		{6C71DE89-867A-4D17-BA2B-BE4A7B46E1E0}.Debug|Any CPU.ActiveCfg = Debug|Any CPU
		{6C71DE89-867A-4D17-BA2B-BE4A7B46E1E0}.Debug|Any CPU.Build.0 = Debug|Any CPU
		{6C71DE89-867A-4D17-BA2B-BE4A7B46E1E0}.Release|Any CPU.ActiveCfg = Release|Any CPU
		{6C71DE89-867A-4D17-BA2B-BE4A7B46E1E0}.Release|Any CPU.Build.0 = Release|Any CPU
		{BE6D1BE2-FC07-4F88-B8D6-489A0B82FF87}.Debug|Any CPU.ActiveCfg = Debug|Any CPU
		{BE6D1BE2-FC07-4F88-B8D6-489A0B82FF87}.Debug|Any CPU.Build.0 = Debug|Any CPU
		{BE6D1BE2-FC07-4F88-B8D6-489A0B82FF87}.Release|Any CPU.ActiveCfg = Release|Any CPU
		{BE6D1BE2-FC07-4F88-B8D6-489A0B82FF87}.Release|Any CPU.Build.0 = Release|Any CPU
		{6B9BD6D5-232D-4E9F-83D7-CC0D8FD7443D}.Debug|Any CPU.ActiveCfg = Debug|Any CPU
		{6B9BD6D5-232D-4E9F-83D7-CC0D8FD7443D}.Debug|Any CPU.Build.0 = Debug|Any CPU
		{6B9BD6D5-232D-4E9F-83D7-CC0D8FD7443D}.Release|Any CPU.ActiveCfg = Release|Any CPU
		{6B9BD6D5-232D-4E9F-83D7-CC0D8FD7443D}.Release|Any CPU.Build.0 = Release|Any CPU
		{EF1178A4-D74E-405A-BD85-9B821FAAC879}.Debug|Any CPU.ActiveCfg = Debug|Any CPU
		{EF1178A4-D74E-405A-BD85-9B821FAAC879}.Debug|Any CPU.Build.0 = Debug|Any CPU
		{EF1178A4-D74E-405A-BD85-9B821FAAC879}.Release|Any CPU.ActiveCfg = Release|Any CPU
		{EF1178A4-D74E-405A-BD85-9B821FAAC879}.Release|Any CPU.Build.0 = Release|Any CPU
	EndGlobalSection
	GlobalSection(SolutionProperties) = preSolution
		HideSolutionNode = FALSE
	EndGlobalSection
	GlobalSection(ExtensibilityGlobals) = postSolution
		SolutionGuid = {DB479433-B1E0-4C39-9376-20103F4D1A27}
	EndGlobalSection
EndGlobal
