
Microsoft Visual Studio Solution File, Format Version 12.00
# Visual Studio Version 16
VisualStudioVersion = 16.0.31005.135
MinimumVisualStudioVersion = 10.0.40219.1
Project("{FAE04EC0-301F-11D3-BF4B-00C04F79EFBC}") = "UserMaintenance", "UserMaintenance\UserMaintenance.csproj", "{8B2D2DF6-ADFF-4534-A006-DC13910969A3}"
EndProject
Project("{FAE04EC0-301F-11D3-BF4B-00C04F79EFBC}") = "week04", "week04\week04.csproj", "{6C71DE89-867A-4D17-BA2B-BE4A7B46E1E0}"
EndProject
Global
	GlobalSection(SolutionConfigurationPlatforms) = preSolution
		Debug|Any CPU = Debug|Any CPU
		Release|Any CPU = Release|Any CPU
	EndGlobalSection
	GlobalSection(ProjectConfigurationPlatforms) = postSolution
		{8B2D2DF6-ADFF-4534-A006-DC13910969A3}.Debug|Any CPU.ActiveCfg = Debug|Any CPU
		{8B2D2DF6-ADFF-4534-A006-DC13910969A3}.Debug|Any CPU.Build.0 = Debug|Any CPU
		{8B2D2DF6-ADFF-4534-A006-DC13910969A3}.Release|Any CPU.ActiveCfg = Release|Any CPU
		{8B2D2DF6-ADFF-4534-A006-DC13910969A3}.Release|Any CPU.Build.0 = Release|Any CPU
		{6C71DE89-867A-4D17-BA2B-BE4A7B46E1E0}.Debug|Any CPU.ActiveCfg = Debug|Any CPU
		{6C71DE89-867A-4D17-BA2B-BE4A7B46E1E0}.Debug|Any CPU.Build.0 = Debug|Any CPU
		{6C71DE89-867A-4D17-BA2B-BE4A7B46E1E0}.Release|Any CPU.ActiveCfg = Release|Any CPU
		{6C71DE89-867A-4D17-BA2B-BE4A7B46E1E0}.Release|Any CPU.Build.0 = Release|Any CPU
	EndGlobalSection
	GlobalSection(SolutionProperties) = preSolution
		HideSolutionNode = FALSE
	EndGlobalSection
	GlobalSection(ExtensibilityGlobals) = postSolution
		SolutionGuid = {DB479433-B1E0-4C39-9376-20103F4D1A27}
	EndGlobalSection
EndGlobal
